
Microsoft Visual Studio Solution File, Format Version 12.00
# Visual Studio Version 17
VisualStudioVersion = 17.11.35312.102
MinimumVisualStudioVersion = 10.0.40219.1
Project("{54A90642-561A-4BB1-A94E-469ADEE60C69}") = "finance_receipting_robotic_process_automation_react", "finance_receipting_robotic_process_automation_react.esproj", "{6BB5F817-770B-4FFF-969A-5EFADF45999B}"
EndProject
Global
	GlobalSection(SolutionConfigurationPlatforms) = preSolution
		Debug|Any CPU = Debug|Any CPU
		Release|Any CPU = Release|Any CPU
	EndGlobalSection
	GlobalSection(ProjectConfigurationPlatforms) = postSolution
		{6BB5F817-770B-4FFF-969A-5EFADF45999B}.Debug|Any CPU.ActiveCfg = Debug|Any CPU
		{6BB5F817-770B-4FFF-969A-5EFADF45999B}.Debug|Any CPU.Build.0 = Debug|Any CPU
		{6BB5F817-770B-4FFF-969A-5EFADF45999B}.Debug|Any CPU.Deploy.0 = Debug|Any CPU
		{6BB5F817-770B-4FFF-969A-5EFADF45999B}.Release|Any CPU.ActiveCfg = Release|Any CPU
		{6BB5F817-770B-4FFF-969A-5EFADF45999B}.Release|Any CPU.Build.0 = Release|Any CPU
		{6BB5F817-770B-4FFF-969A-5EFADF45999B}.Release|Any CPU.Deploy.0 = Release|Any CPU
	EndGlobalSection
	GlobalSection(SolutionProperties) = preSolution
		HideSolutionNode = FALSE
	EndGlobalSection
	GlobalSection(ExtensibilityGlobals) = postSolution
		SolutionGuid = {706E7260-AE06-4D76-9BC1-493C11C60B96}
	EndGlobalSection
EndGlobal
