
Microsoft Visual Studio Solution File, Format Version 12.00
# Visual Studio Version 17
VisualStudioVersion = 17.11.35312.102
MinimumVisualStudioVersion = 10.0.40219.1
Project("{00D1A9C2-B5F0-4AF3-8072-F6C62B433612}") = "finance_receipting_robotic_process_automation_database", "finance_receipting_robotic_process_automation_database.sqlproj", "{84A5A167-C155-46AB-BF1F-D9E625909528}"
EndProject
Global
	GlobalSection(SolutionConfigurationPlatforms) = preSolution
		Debug|Any CPU = Debug|Any CPU
		Release|Any CPU = Release|Any CPU
	EndGlobalSection
	GlobalSection(ProjectConfigurationPlatforms) = postSolution
		{84A5A167-C155-46AB-BF1F-D9E625909528}.Debug|Any CPU.ActiveCfg = Debug|Any CPU
		{84A5A167-C155-46AB-BF1F-D9E625909528}.Debug|Any CPU.Build.0 = Debug|Any CPU
		{84A5A167-C155-46AB-BF1F-D9E625909528}.Debug|Any CPU.Deploy.0 = Debug|Any CPU
		{84A5A167-C155-46AB-BF1F-D9E625909528}.Release|Any CPU.ActiveCfg = Release|Any CPU
		{84A5A167-C155-46AB-BF1F-D9E625909528}.Release|Any CPU.Build.0 = Release|Any CPU
		{84A5A167-C155-46AB-BF1F-D9E625909528}.Release|Any CPU.Deploy.0 = Release|Any CPU
	EndGlobalSection
	GlobalSection(SolutionProperties) = preSolution
		HideSolutionNode = FALSE
	EndGlobalSection
	GlobalSection(ExtensibilityGlobals) = postSolution
		SolutionGuid = {CFF26444-541A-476A-8E72-EA25EDFAC912}
	EndGlobalSection
EndGlobal
